
Microsoft Visual Studio Solution File, Format Version 12.00
# Visual Studio Version 17
VisualStudioVersion = 17.7.34003.232
MinimumVisualStudioVersion = 10.0.40219.1
Project("{FAE04EC0-301F-11D3-BF4B-00C04F79EFBC}") = "DemoAsm_1651_AdvancedProgramming", "DemoAsm_1651_AdvancedProgramming\DemoAsm_1651_AdvancedProgramming.csproj", "{ACB11971-EE8F-42B9-8832-EDA93B77CB10}"
EndProject
Global
	GlobalSection(SolutionConfigurationPlatforms) = preSolution
		Debug|Any CPU = Debug|Any CPU
		Release|Any CPU = Release|Any CPU
	EndGlobalSection
	GlobalSection(ProjectConfigurationPlatforms) = postSolution
		{ACB11971-EE8F-42B9-8832-EDA93B77CB10}.Debug|Any CPU.ActiveCfg = Debug|Any CPU
		{ACB11971-EE8F-42B9-8832-EDA93B77CB10}.Debug|Any CPU.Build.0 = Debug|Any CPU
		{ACB11971-EE8F-42B9-8832-EDA93B77CB10}.Release|Any CPU.ActiveCfg = Release|Any CPU
		{ACB11971-EE8F-42B9-8832-EDA93B77CB10}.Release|Any CPU.Build.0 = Release|Any CPU
	EndGlobalSection
	GlobalSection(SolutionProperties) = preSolution
		HideSolutionNode = FALSE
	EndGlobalSection
	GlobalSection(ExtensibilityGlobals) = postSolution
		SolutionGuid = {4D55B3FA-EBD1-4396-B797-29369D93BC33}
	EndGlobalSection
EndGlobal
